// !$*UTF8*$!
{
	archiveVersion = 1;
	classes = {
	};
	objectVersion = 50;
	objects = {

/* Begin PBXBuildFile section */
		0D368FBAFBAD896C06FE6A31 /* Pods_ReactNativeVanillaTVOS.framework in Frameworks */ = {isa = PBXBuildFile; fileRef = 39DEC93D278A25BEC6C802FC /* Pods_ReactNativeVanillaTVOS.framework */; };
		20200EBC21143502009FB5CA /* AppDelegate.swift in Sources */ = {isa = PBXBuildFile; fileRef = 20200EBB21143502009FB5CA /* AppDelegate.swift */; };
		20200EC321143504009FB5CA /* Assets.xcassets in Resources */ = {isa = PBXBuildFile; fileRef = 20200EC221143504009FB5CA /* Assets.xcassets */; };
/* End PBXBuildFile section */

/* Begin PBXFileReference section */
		00D8883DE252DCCD8E35A8B3 /* Pods-ReactNativeVanilla.release.xcconfig */ = {isa = PBXFileReference; includeInIndex = 1; lastKnownFileType = text.xcconfig; name = "Pods-ReactNativeVanilla.release.xcconfig"; path = "Pods/Target Support Files/Pods-ReactNativeVanillaTVOS/Pods-ReactNativeVanilla.release.xcconfig"; sourceTree = "<group>"; };
		20200EB921143502009FB5CA /* ReactNativeVanillaTVOS.app */ = {isa = PBXFileReference; explicitFileType = wrapper.application; includeInIndex = 0; path = ReactNativeVanillaTVOS.app; sourceTree = BUILT_PRODUCTS_DIR; };
		20200EBB21143502009FB5CA /* AppDelegate.swift */ = {isa = PBXFileReference; lastKnownFileType = sourcecode.swift; path = AppDelegate.swift; sourceTree = "<group>"; };
		20200EC221143504009FB5CA /* Assets.xcassets */ = {isa = PBXFileReference; lastKnownFileType = folder.assetcatalog; path = Assets.xcassets; sourceTree = "<group>"; };
		20200EC421143504009FB5CA /* Info.plist */ = {isa = PBXFileReference; lastKnownFileType = text.plist.xml; path = Info.plist; sourceTree = "<group>"; };
		29C497B92FB79B5C5499FD9E /* Pods-ReactNativeVanillaTVOS.release.xcconfig */ = {isa = PBXFileReference; includeInIndex = 1; lastKnownFileType = text.xcconfig; name = "Pods-ReactNativeVanillaTVOS.release.xcconfig"; path = "Pods/Target Support Files/Pods-ReactNativeVanillaTVOS/Pods-ReactNativeVanillaTVOS.release.xcconfig"; sourceTree = "<group>"; };
		39DEC93D278A25BEC6C802FC /* Pods_ReactNativeVanillaTVOS.framework */ = {isa = PBXFileReference; explicitFileType = wrapper.framework; includeInIndex = 0; path = Pods_ReactNativeVanillaTVOS.framework; sourceTree = BUILT_PRODUCTS_DIR; };
		E9BD3C6C20A6CDE458EE95FB /* Pods-ReactNativeVanillaTVOS.debug.xcconfig */ = {isa = PBXFileReference; includeInIndex = 1; lastKnownFileType = text.xcconfig; name = "Pods-ReactNativeVanillaTVOS.debug.xcconfig"; path = "Pods/Target Support Files/Pods-ReactNativeVanillaTVOS/Pods-ReactNativeVanillaTVOS.debug.xcconfig"; sourceTree = "<group>"; };
		FF8BDA7EF1C63EE79868B6A4 /* Pods-ReactNativeVanilla.debug.xcconfig */ = {isa = PBXFileReference; includeInIndex = 1; lastKnownFileType = text.xcconfig; name = "Pods-ReactNativeVanilla.debug.xcconfig"; path = "Pods/Target Support Files/Pods-ReactNativeVanillaTVOS/Pods-ReactNativeVanilla.debug.xcconfig"; sourceTree = "<group>"; };
/* End PBXFileReference section */

/* Begin PBXFrameworksBuildPhase section */
		20200EB621143502009FB5CA /* Frameworks */ = {
			isa = PBXFrameworksBuildPhase;
			buildActionMask = 2147483647;
			files = (
				0D368FBAFBAD896C06FE6A31 /* Pods_ReactNativeVanillaTVOS.framework in Frameworks */,
			);
			runOnlyForDeploymentPostprocessing = 0;
		};
/* End PBXFrameworksBuildPhase section */

/* Begin PBXGroup section */
		0E3312C66CE20857488874BF /* Pods */ = {
			isa = PBXGroup;
			children = (
				FF8BDA7EF1C63EE79868B6A4 /* Pods-ReactNativeVanilla.debug.xcconfig */,
				00D8883DE252DCCD8E35A8B3 /* Pods-ReactNativeVanilla.release.xcconfig */,
				E9BD3C6C20A6CDE458EE95FB /* Pods-ReactNativeVanillaTVOS.debug.xcconfig */,
				29C497B92FB79B5C5499FD9E /* Pods-ReactNativeVanillaTVOS.release.xcconfig */,
			);
			name = Pods;
			sourceTree = "<group>";
		};
		20200EBA21143502009FB5CA /* ReactNativeVanillaTVOS */ = {
			isa = PBXGroup;
			children = (
				20200EBB21143502009FB5CA /* AppDelegate.swift */,
				20200EC221143504009FB5CA /* Assets.xcassets */,
				20200EC421143504009FB5CA /* Info.plist */,
			);
			path = ReactNativeVanillaTVOS;
			sourceTree = "<group>";
		};
		2070914921078B0D00FFF1DB = {
			isa = PBXGroup;
			children = (
				20200EBA21143502009FB5CA /* ReactNativeVanillaTVOS */,
				2070915321078B0D00FFF1DB /* Products */,
				0E3312C66CE20857488874BF /* Pods */,
				B566E91986956011A4C625F0 /* Frameworks */,
			);
			sourceTree = "<group>";
		};
		2070915321078B0D00FFF1DB /* Products */ = {
			isa = PBXGroup;
			children = (
				20200EB921143502009FB5CA /* ReactNativeVanillaTVOS.app */,
			);
			name = Products;
			sourceTree = "<group>";
		};
		B566E91986956011A4C625F0 /* Frameworks */ = {
			isa = PBXGroup;
			children = (
				39DEC93D278A25BEC6C802FC /* Pods_ReactNativeVanillaTVOS.framework */,
			);
			name = Frameworks;
			sourceTree = "<group>";
		};
/* End PBXGroup section */

/* Begin PBXNativeTarget section */
		20200EB821143502009FB5CA /* ReactNativeVanillaTVOS */ = {
			isa = PBXNativeTarget;
			buildConfigurationList = 20200EC721143504009FB5CA /* Build configuration list for PBXNativeTarget "ReactNativeVanillaTVOS" */;
			buildPhases = (
				BDBEC1166F7B4AC060313371 /* [CP] Check Pods Manifest.lock */,
				20200EB521143502009FB5CA /* Sources */,
				20200EB621143502009FB5CA /* Frameworks */,
				20200EB721143502009FB5CA /* Resources */,
				0BAA8A629E1F8936E2DB351E /* [CP] Embed Pods Frameworks */,
				56B8C10290D8DC5A064980E9 /* [CP] Copy Pods Resources */,
			);
			buildRules = (
			);
			dependencies = (
			);
			name = ReactNativeVanillaTVOS;
			productName = ReactNativeVanilla;
			productReference = 20200EB921143502009FB5CA /* ReactNativeVanillaTVOS.app */;
			productType = "com.apple.product-type.application";
		};
/* End PBXNativeTarget section */

/* Begin PBXProject section */
		2070914A21078B0D00FFF1DB /* Project object */ = {
			isa = PBXProject;
			attributes = {
				LastSwiftUpdateCheck = 0940;
				LastUpgradeCheck = 0940;
				ORGANIZATIONNAME = pavjacko;
				TargetAttributes = {
					20200EB821143502009FB5CA = {
						CreatedOnToolsVersion = 9.4.1;
					};
				};
			};
			buildConfigurationList = 2070914D21078B0D00FFF1DB /* Build configuration list for PBXProject "ReactNativeVanillaTVOS" */;
			compatibilityVersion = "Xcode 9.3";
			developmentRegion = en;
			hasScannedForEncodings = 0;
			knownRegions = (
				en,
				Base,
			);
			mainGroup = 2070914921078B0D00FFF1DB;
			productRefGroup = 2070915321078B0D00FFF1DB /* Products */;
			projectDirPath = "";
			projectRoot = "";
			targets = (
				20200EB821143502009FB5CA /* ReactNativeVanillaTVOS */,
			);
		};
/* End PBXProject section */

/* Begin PBXResourcesBuildPhase section */
		20200EB721143502009FB5CA /* Resources */ = {
			isa = PBXResourcesBuildPhase;
			buildActionMask = 2147483647;
			files = (
				20200EC321143504009FB5CA /* Assets.xcassets in Resources */,
			);
			runOnlyForDeploymentPostprocessing = 0;
		};
/* End PBXResourcesBuildPhase section */

/* Begin PBXShellScriptBuildPhase section */
		0BAA8A629E1F8936E2DB351E /* [CP] Embed Pods Frameworks */ = {
			isa = PBXShellScriptBuildPhase;
			buildActionMask = 2147483647;
			files = (
			);
			inputPaths = (
				"${SRCROOT}/Pods/Target Support Files/Pods-ReactNativeVanillaTVOS/Pods-ReactNativeVanillaTVOS-frameworks.sh",
				"${BUILT_PRODUCTS_DIR}/DoubleConversion/DoubleConversion.framework",
				"${BUILT_PRODUCTS_DIR}/Folly/folly.framework",
				"${BUILT_PRODUCTS_DIR}/React/React.framework",
				"${BUILT_PRODUCTS_DIR}/glog/glog.framework",
				"${BUILT_PRODUCTS_DIR}/yoga/yoga.framework",
			);
			name = "[CP] Embed Pods Frameworks";
			outputPaths = (
				"${TARGET_BUILD_DIR}/${FRAMEWORKS_FOLDER_PATH}/DoubleConversion.framework",
				"${TARGET_BUILD_DIR}/${FRAMEWORKS_FOLDER_PATH}/folly.framework",
				"${TARGET_BUILD_DIR}/${FRAMEWORKS_FOLDER_PATH}/React.framework",
				"${TARGET_BUILD_DIR}/${FRAMEWORKS_FOLDER_PATH}/glog.framework",
				"${TARGET_BUILD_DIR}/${FRAMEWORKS_FOLDER_PATH}/yoga.framework",
			);
			runOnlyForDeploymentPostprocessing = 0;
			shellPath = /bin/sh;
			shellScript = "\"${SRCROOT}/Pods/Target Support Files/Pods-ReactNativeVanillaTVOS/Pods-ReactNativeVanillaTVOS-frameworks.sh\"\n";
			showEnvVarsInLog = 0;
		};
		56B8C10290D8DC5A064980E9 /* [CP] Copy Pods Resources */ = {
			isa = PBXShellScriptBuildPhase;
			buildActionMask = 2147483647;
			files = (
			);
			inputPaths = (
			);
			name = "[CP] Copy Pods Resources";
			outputPaths = (
			);
			runOnlyForDeploymentPostprocessing = 0;
			shellPath = /bin/sh;
			shellScript = "\"${SRCROOT}/Pods/Target Support Files/Pods-ReactNativeVanillaTVOS/Pods-ReactNativeVanillaTVOS-resources.sh\"\n";
			showEnvVarsInLog = 0;
		};
		BDBEC1166F7B4AC060313371 /* [CP] Check Pods Manifest.lock */ = {
			isa = PBXShellScriptBuildPhase;
			buildActionMask = 2147483647;
			files = (
			);
			inputPaths = (
				"${PODS_PODFILE_DIR_PATH}/Podfile.lock",
				"${PODS_ROOT}/Manifest.lock",
			);
			name = "[CP] Check Pods Manifest.lock";
			outputPaths = (
				"$(DERIVED_FILE_DIR)/Pods-ReactNativeVanillaTVOS-checkManifestLockResult.txt",
			);
			runOnlyForDeploymentPostprocessing = 0;
			shellPath = /bin/sh;
			shellScript = "diff \"${PODS_PODFILE_DIR_PATH}/Podfile.lock\" \"${PODS_ROOT}/Manifest.lock\" > /dev/null\nif [ $? != 0 ] ; then\n    # print error to STDERR\n    echo \"error: The sandbox is not in sync with the Podfile.lock. Run 'pod install' or update your CocoaPods installation.\" >&2\n    exit 1\nfi\n# This output is used by Xcode 'outputs' to avoid re-running this script phase.\necho \"SUCCESS\" > \"${SCRIPT_OUTPUT_FILE_0}\"\n";
			showEnvVarsInLog = 0;
		};
/* End PBXShellScriptBuildPhase section */

/* Begin PBXSourcesBuildPhase section */
		20200EB521143502009FB5CA /* Sources */ = {
			isa = PBXSourcesBuildPhase;
			buildActionMask = 2147483647;
			files = (
				20200EBC21143502009FB5CA /* AppDelegate.swift in Sources */,
			);
			runOnlyForDeploymentPostprocessing = 0;
		};
/* End PBXSourcesBuildPhase section */

/* Begin XCBuildConfiguration section */
		20200EC521143504009FB5CA /* Debug */ = {
			isa = XCBuildConfiguration;
			baseConfigurationReference = E9BD3C6C20A6CDE458EE95FB /* Pods-ReactNativeVanillaTVOS.debug.xcconfig */;
			buildSettings = {
				ASSETCATALOG_COMPILER_APPICON_NAME = "App Icon & Top Shelf Image";
				ASSETCATALOG_COMPILER_LAUNCHIMAGE_NAME = "Launch Image";
				CODE_SIGN_STYLE = Automatic;
				DEVELOPMENT_TEAM = "";
				INFOPLIST_FILE = ReactNativeVanillaTVOS/Info.plist;
				LD_RUNPATH_SEARCH_PATHS = (
					"$(inherited)",
					"@executable_path/Frameworks",
				);
				PRODUCT_BUNDLE_IDENTIFIER = pavjacko.ReactNativeVanillaTVOS;
				PRODUCT_NAME = "$(TARGET_NAME)";
				SDKROOT = appletvos;
				SWIFT_VERSION = 4.0;
				TARGETED_DEVICE_FAMILY = 3;
				TVOS_DEPLOYMENT_TARGET = 11.4;
			};
			name = Debug;
		};
		20200EC621143504009FB5CA /* Release */ = {
			isa = XCBuildConfiguration;
			baseConfigurationReference = 29C497B92FB79B5C5499FD9E /* Pods-ReactNativeVanillaTVOS.release.xcconfig */;
			buildSettings = {
				ASSETCATALOG_COMPILER_APPICON_NAME = "App Icon & Top Shelf Image";
				ASSETCATALOG_COMPILER_LAUNCHIMAGE_NAME = "Launch Image";
				CODE_SIGN_STYLE = Automatic;
				DEVELOPMENT_TEAM = "";
				INFOPLIST_FILE = ReactNativeVanillaTVOS/Info.plist;
				LD_RUNPATH_SEARCH_PATHS = (
					"$(inherited)",
					"@executable_path/Frameworks",
				);
				PRODUCT_BUNDLE_IDENTIFIER = pavjacko.ReactNativeVanillaTVOS;
				PRODUCT_NAME = "$(TARGET_NAME)";
				SDKROOT = appletvos;
				SWIFT_VERSION = 4.0;
				TARGETED_DEVICE_FAMILY = 3;
				TVOS_DEPLOYMENT_TARGET = 11.4;
			};
			name = Release;
		};
		2070916221078B0E00FFF1DB /* Debug */ = {
			isa = XCBuildConfiguration;
			buildSettings = {
				ALWAYS_SEARCH_USER_PATHS = NO;
				CLANG_ANALYZER_NONNULL = YES;
				CLANG_ANALYZER_NUMBER_OBJECT_CONVERSION = YES_AGGRESSIVE;
				CLANG_CXX_LANGUAGE_STANDARD = "gnu++14";
				CLANG_CXX_LIBRARY = "libc++";
				CLANG_ENABLE_MODULES = YES;
				CLANG_ENABLE_OBJC_ARC = YES;
				CLANG_ENABLE_OBJC_WEAK = YES;
				CLANG_WARN_BLOCK_CAPTURE_AUTORELEASING = YES;
				CLANG_WARN_BOOL_CONVERSION = YES;
				CLANG_WARN_COMMA = YES;
				CLANG_WARN_CONSTANT_CONVERSION = YES;
				CLANG_WARN_DEPRECATED_OBJC_IMPLEMENTATIONS = YES;
				CLANG_WARN_DIRECT_OBJC_ISA_USAGE = YES_ERROR;
				CLANG_WARN_DOCUMENTATION_COMMENTS = YES;
				CLANG_WARN_EMPTY_BODY = YES;
				CLANG_WARN_ENUM_CONVERSION = YES;
				CLANG_WARN_INFINITE_RECURSION = YES;
				CLANG_WARN_INT_CONVERSION = YES;
				CLANG_WARN_NON_LITERAL_NULL_CONVERSION = YES;
				CLANG_WARN_OBJC_IMPLICIT_RETAIN_SELF = YES;
				CLANG_WARN_OBJC_LITERAL_CONVERSION = YES;
				CLANG_WARN_OBJC_ROOT_CLASS = YES_ERROR;
				CLANG_WARN_RANGE_LOOP_ANALYSIS = YES;
				CLANG_WARN_STRICT_PROTOTYPES = YES;
				CLANG_WARN_SUSPICIOUS_MOVE = YES;
				CLANG_WARN_UNGUARDED_AVAILABILITY = YES_AGGRESSIVE;
				CLANG_WARN_UNREACHABLE_CODE = YES;
				CLANG_WARN__DUPLICATE_METHOD_MATCH = YES;
				CODE_SIGN_IDENTITY = "iPhone Developer";
				COPY_PHASE_STRIP = NO;
				DEBUG_INFORMATION_FORMAT = dwarf;
				ENABLE_STRICT_OBJC_MSGSEND = YES;
				ENABLE_TESTABILITY = YES;
				GCC_C_LANGUAGE_STANDARD = gnu11;
				GCC_DYNAMIC_NO_PIC = NO;
				GCC_NO_COMMON_BLOCKS = YES;
				GCC_OPTIMIZATION_LEVEL = 0;
				GCC_PREPROCESSOR_DEFINITIONS = (
					"DEBUG=1",
					"$(inherited)",
				);
				GCC_WARN_64_TO_32_BIT_CONVERSION = YES;
				GCC_WARN_ABOUT_RETURN_TYPE = YES_ERROR;
				GCC_WARN_UNDECLARED_SELECTOR = YES;
				GCC_WARN_UNINITIALIZED_AUTOS = YES_AGGRESSIVE;
				GCC_WARN_UNUSED_FUNCTION = YES;
				GCC_WARN_UNUSED_VARIABLE = YES;
				IPHONEOS_DEPLOYMENT_TARGET = 11.4;
				MTL_ENABLE_DEBUG_INFO = YES;
				ONLY_ACTIVE_ARCH = YES;
				SDKROOT = iphoneos;
				SWIFT_ACTIVE_COMPILATION_CONDITIONS = DEBUG;
				SWIFT_OPTIMIZATION_LEVEL = "-Onone";
			};
			name = Debug;
		};
		2070916321078B0E00FFF1DB /* Release */ = {
			isa = XCBuildConfiguration;
			buildSettings = {
				ALWAYS_SEARCH_USER_PATHS = NO;
				CLANG_ANALYZER_NONNULL = YES;
				CLANG_ANALYZER_NUMBER_OBJECT_CONVERSION = YES_AGGRESSIVE;
				CLANG_CXX_LANGUAGE_STANDARD = "gnu++14";
				CLANG_CXX_LIBRARY = "libc++";
				CLANG_ENABLE_MODULES = YES;
				CLANG_ENABLE_OBJC_ARC = YES;
				CLANG_ENABLE_OBJC_WEAK = YES;
				CLANG_WARN_BLOCK_CAPTURE_AUTORELEASING = YES;
				CLANG_WARN_BOOL_CONVERSION = YES;
				CLANG_WARN_COMMA = YES;
				CLANG_WARN_CONSTANT_CONVERSION = YES;
				CLANG_WARN_DEPRECATED_OBJC_IMPLEMENTATIONS = YES;
				CLANG_WARN_DIRECT_OBJC_ISA_USAGE = YES_ERROR;
				CLANG_WARN_DOCUMENTATION_COMMENTS = YES;
				CLANG_WARN_EMPTY_BODY = YES;
				CLANG_WARN_ENUM_CONVERSION = YES;
				CLANG_WARN_INFINITE_RECURSION = YES;
				CLANG_WARN_INT_CONVERSION = YES;
				CLANG_WARN_NON_LITERAL_NULL_CONVERSION = YES;
				CLANG_WARN_OBJC_IMPLICIT_RETAIN_SELF = YES;
				CLANG_WARN_OBJC_LITERAL_CONVERSION = YES;
				CLANG_WARN_OBJC_ROOT_CLASS = YES_ERROR;
				CLANG_WARN_RANGE_LOOP_ANALYSIS = YES;
				CLANG_WARN_STRICT_PROTOTYPES = YES;
				CLANG_WARN_SUSPICIOUS_MOVE = YES;
				CLANG_WARN_UNGUARDED_AVAILABILITY = YES_AGGRESSIVE;
				CLANG_WARN_UNREACHABLE_CODE = YES;
				CLANG_WARN__DUPLICATE_METHOD_MATCH = YES;
				CODE_SIGN_IDENTITY = "iPhone Developer";
				COPY_PHASE_STRIP = NO;
				DEBUG_INFORMATION_FORMAT = "dwarf-with-dsym";
				ENABLE_NS_ASSERTIONS = NO;
				ENABLE_STRICT_OBJC_MSGSEND = YES;
				GCC_C_LANGUAGE_STANDARD = gnu11;
				GCC_NO_COMMON_BLOCKS = YES;
				GCC_WARN_64_TO_32_BIT_CONVERSION = YES;
				GCC_WARN_ABOUT_RETURN_TYPE = YES_ERROR;
				GCC_WARN_UNDECLARED_SELECTOR = YES;
				GCC_WARN_UNINITIALIZED_AUTOS = YES_AGGRESSIVE;
				GCC_WARN_UNUSED_FUNCTION = YES;
				GCC_WARN_UNUSED_VARIABLE = YES;
				IPHONEOS_DEPLOYMENT_TARGET = 11.4;
				MTL_ENABLE_DEBUG_INFO = NO;
				SDKROOT = iphoneos;
				SWIFT_COMPILATION_MODE = wholemodule;
				SWIFT_OPTIMIZATION_LEVEL = "-O";
				VALIDATE_PRODUCT = YES;
			};
			name = Release;
		};
/* End XCBuildConfiguration section */

/* Begin XCConfigurationList section */
		20200EC721143504009FB5CA /* Build configuration list for PBXNativeTarget "ReactNativeVanillaTVOS" */ = {
			isa = XCConfigurationList;
			buildConfigurations = (
				20200EC521143504009FB5CA /* Debug */,
				20200EC621143504009FB5CA /* Release */,
			);
			defaultConfigurationIsVisible = 0;
			defaultConfigurationName = Release;
		};
		2070914D21078B0D00FFF1DB /* Build configuration list for PBXProject "ReactNativeVanillaTVOS" */ = {
			isa = XCConfigurationList;
			buildConfigurations = (
				2070916221078B0E00FFF1DB /* Debug */,
				2070916321078B0E00FFF1DB /* Release */,
			);
			defaultConfigurationIsVisible = 0;
			defaultConfigurationName = Release;
		};
/* End XCConfigurationList section */
	};
	rootObject = 2070914A21078B0D00FFF1DB /* Project object */;
}
